
Microsoft Visual Studio Solution File, Format Version 12.00
# Visual Studio Version 16
VisualStudioVersion = 16.0.29609.76
MinimumVisualStudioVersion = 10.0.40219.1
Project("{FAE04EC0-301F-11D3-BF4B-00C04F79EFBC}") = "Assembly-CSharp", "Assembly-CSharp.csproj", "{F2EA7A8B-B01B-77F0-B692-8CD622BCB3FB}"
EndProject
Global
	GlobalSection(SolutionConfigurationPlatforms) = preSolution
		Debug|Any CPU = Debug|Any CPU
		Release|Any CPU = Release|Any CPU
	EndGlobalSection
	GlobalSection(ProjectConfigurationPlatforms) = postSolution
		{F2EA7A8B-B01B-77F0-B692-8CD622BCB3FB}.Debug|Any CPU.ActiveCfg = Debug|Any CPU
		{F2EA7A8B-B01B-77F0-B692-8CD622BCB3FB}.Debug|Any CPU.Build.0 = Debug|Any CPU
		{F2EA7A8B-B01B-77F0-B692-8CD622BCB3FB}.Release|Any CPU.ActiveCfg = Release|Any CPU
		{F2EA7A8B-B01B-77F0-B692-8CD622BCB3FB}.Release|Any CPU.Build.0 = Release|Any CPU
	EndGlobalSection
	GlobalSection(SolutionProperties) = preSolution
		HideSolutionNode = FALSE
	EndGlobalSection
	GlobalSection(ExtensibilityGlobals) = postSolution
		SolutionGuid = {109F213D-5B3E-41D6-BDC8-9208ECE68035}
	EndGlobalSection
EndGlobal
